
Microsoft Visual Studio Solution File, Format Version 12.00
# Visual Studio 2013
VisualStudioVersion = 12.0.31101.0
MinimumVisualStudioVersion = 10.0.40219.1
Project("{FAE04EC0-301F-11D3-BF4B-00C04F79EFBC}") = "PetFinder", "PetFinder\PetFinder.csproj", "{B9128C22-56B8-4C64-91A7-C41F887C9883}"
EndProject
Project("{FAE04EC0-301F-11D3-BF4B-00C04F79EFBC}") = "PetFinder.Tests", "PetFinder.Tests\PetFinder.Tests.csproj", "{A810B433-CDEA-41B6-84E2-FD55CF633599}"
EndProject
Global
	GlobalSection(SolutionConfigurationPlatforms) = preSolution
		Debug|Any CPU = Debug|Any CPU
		Release|Any CPU = Release|Any CPU
	EndGlobalSection
	GlobalSection(ProjectConfigurationPlatforms) = postSolution
		{B9128C22-56B8-4C64-91A7-C41F887C9883}.Debug|Any CPU.ActiveCfg = Debug|Any CPU
		{B9128C22-56B8-4C64-91A7-C41F887C9883}.Debug|Any CPU.Build.0 = Debug|Any CPU
		{B9128C22-56B8-4C64-91A7-C41F887C9883}.Release|Any CPU.ActiveCfg = Release|Any CPU
		{B9128C22-56B8-4C64-91A7-C41F887C9883}.Release|Any CPU.Build.0 = Release|Any CPU
		{A810B433-CDEA-41B6-84E2-FD55CF633599}.Debug|Any CPU.ActiveCfg = Debug|Any CPU
		{A810B433-CDEA-41B6-84E2-FD55CF633599}.Debug|Any CPU.Build.0 = Debug|Any CPU
		{A810B433-CDEA-41B6-84E2-FD55CF633599}.Release|Any CPU.ActiveCfg = Release|Any CPU
		{A810B433-CDEA-41B6-84E2-FD55CF633599}.Release|Any CPU.Build.0 = Release|Any CPU
	EndGlobalSection
	GlobalSection(SolutionProperties) = preSolution
		HideSolutionNode = FALSE
	EndGlobalSection
EndGlobal
